
Microsoft Visual Studio Solution File, Format Version 12.00
# Visual Studio Version 16
VisualStudioVersion = 16.6.30114.105
MinimumVisualStudioVersion = 10.0.40219.1
Project("{9A19103F-16F7-4668-BE54-9A1E7A4F7556}") = "AmmBot.Core", "AmmBot.Core\AmmBot.Core.csproj", "{6AC9FC08-6CC9-4501-B714-3CF09B764A76}"
EndProject
Project("{9A19103F-16F7-4668-BE54-9A1E7A4F7556}") = "AmmBot.HelloProvider", "AmmBot.HelloProvider\AmmBot.HelloProvider.csproj", "{912DFACC-6BCC-4935-8BD3-A9CCCC49C308}"
EndProject
Project("{9A19103F-16F7-4668-BE54-9A1E7A4F7556}") = "AmmBot.Service", "AmmBot.Service\AmmBot.Service.csproj", "{338826D8-08B3-42B2-B0ED-3C3A8C874756}"
EndProject
Global
	GlobalSection(SolutionConfigurationPlatforms) = preSolution
		Debug|Any CPU = Debug|Any CPU
		Debug|x64 = Debug|x64
		Debug|x86 = Debug|x86
		Release|Any CPU = Release|Any CPU
		Release|x64 = Release|x64
		Release|x86 = Release|x86
	EndGlobalSection
	GlobalSection(ProjectConfigurationPlatforms) = postSolution
		{6AC9FC08-6CC9-4501-B714-3CF09B764A76}.Debug|Any CPU.ActiveCfg = Debug|Any CPU
		{6AC9FC08-6CC9-4501-B714-3CF09B764A76}.Debug|Any CPU.Build.0 = Debug|Any CPU
		{6AC9FC08-6CC9-4501-B714-3CF09B764A76}.Debug|x64.ActiveCfg = Debug|Any CPU
		{6AC9FC08-6CC9-4501-B714-3CF09B764A76}.Debug|x64.Build.0 = Debug|Any CPU
		{6AC9FC08-6CC9-4501-B714-3CF09B764A76}.Debug|x86.ActiveCfg = Debug|Any CPU
		{6AC9FC08-6CC9-4501-B714-3CF09B764A76}.Debug|x86.Build.0 = Debug|Any CPU
		{6AC9FC08-6CC9-4501-B714-3CF09B764A76}.Release|Any CPU.ActiveCfg = Release|Any CPU
		{6AC9FC08-6CC9-4501-B714-3CF09B764A76}.Release|Any CPU.Build.0 = Release|Any CPU
		{6AC9FC08-6CC9-4501-B714-3CF09B764A76}.Release|x64.ActiveCfg = Release|Any CPU
		{6AC9FC08-6CC9-4501-B714-3CF09B764A76}.Release|x64.Build.0 = Release|Any CPU
		{6AC9FC08-6CC9-4501-B714-3CF09B764A76}.Release|x86.ActiveCfg = Release|Any CPU
		{6AC9FC08-6CC9-4501-B714-3CF09B764A76}.Release|x86.Build.0 = Release|Any CPU
		{912DFACC-6BCC-4935-8BD3-A9CCCC49C308}.Debug|Any CPU.ActiveCfg = Debug|Any CPU
		{912DFACC-6BCC-4935-8BD3-A9CCCC49C308}.Debug|Any CPU.Build.0 = Debug|Any CPU
		{912DFACC-6BCC-4935-8BD3-A9CCCC49C308}.Debug|x64.ActiveCfg = Debug|Any CPU
		{912DFACC-6BCC-4935-8BD3-A9CCCC49C308}.Debug|x64.Build.0 = Debug|Any CPU
		{912DFACC-6BCC-4935-8BD3-A9CCCC49C308}.Debug|x86.ActiveCfg = Debug|Any CPU
		{912DFACC-6BCC-4935-8BD3-A9CCCC49C308}.Debug|x86.Build.0 = Debug|Any CPU
		{912DFACC-6BCC-4935-8BD3-A9CCCC49C308}.Release|Any CPU.ActiveCfg = Release|Any CPU
		{912DFACC-6BCC-4935-8BD3-A9CCCC49C308}.Release|Any CPU.Build.0 = Release|Any CPU
		{912DFACC-6BCC-4935-8BD3-A9CCCC49C308}.Release|x64.ActiveCfg = Release|Any CPU
		{912DFACC-6BCC-4935-8BD3-A9CCCC49C308}.Release|x64.Build.0 = Release|Any CPU
		{912DFACC-6BCC-4935-8BD3-A9CCCC49C308}.Release|x86.ActiveCfg = Release|Any CPU
		{912DFACC-6BCC-4935-8BD3-A9CCCC49C308}.Release|x86.Build.0 = Release|Any CPU
		{338826D8-08B3-42B2-B0ED-3C3A8C874756}.Debug|Any CPU.ActiveCfg = Debug|Any CPU
		{338826D8-08B3-42B2-B0ED-3C3A8C874756}.Debug|Any CPU.Build.0 = Debug|Any CPU
		{338826D8-08B3-42B2-B0ED-3C3A8C874756}.Debug|x64.ActiveCfg = Debug|Any CPU
		{338826D8-08B3-42B2-B0ED-3C3A8C874756}.Debug|x64.Build.0 = Debug|Any CPU
		{338826D8-08B3-42B2-B0ED-3C3A8C874756}.Debug|x86.ActiveCfg = Debug|Any CPU
		{338826D8-08B3-42B2-B0ED-3C3A8C874756}.Debug|x86.Build.0 = Debug|Any CPU
		{338826D8-08B3-42B2-B0ED-3C3A8C874756}.Release|Any CPU.ActiveCfg = Release|Any CPU
		{338826D8-08B3-42B2-B0ED-3C3A8C874756}.Release|Any CPU.Build.0 = Release|Any CPU
		{338826D8-08B3-42B2-B0ED-3C3A8C874756}.Release|x64.ActiveCfg = Release|Any CPU
		{338826D8-08B3-42B2-B0ED-3C3A8C874756}.Release|x64.Build.0 = Release|Any CPU
		{338826D8-08B3-42B2-B0ED-3C3A8C874756}.Release|x86.ActiveCfg = Release|Any CPU
		{338826D8-08B3-42B2-B0ED-3C3A8C874756}.Release|x86.Build.0 = Release|Any CPU
	EndGlobalSection
	GlobalSection(SolutionProperties) = preSolution
		HideSolutionNode = FALSE
	EndGlobalSection
	GlobalSection(ExtensibilityGlobals) = postSolution
		SolutionGuid = {3C59F537-A648-40BC-9D2E-F85CEBC9347A}
	EndGlobalSection
EndGlobal
